// !$*UTF8*$!
{
	archiveVersion = 1;
	classes = {
	};
	objectVersion = 77;
	objects = {

/* Begin PBXBuildFile section */
		04395F8CFA0884D2B8F436E6 /* SyncService.swift in Sources */ = {isa = PBXBuildFile; fileRef = CF3F83804AE0CFA48AA1C7C7 /* SyncService.swift */; };
		311D04F806C83959F8145C95 /* JSONLWriter.swift in Sources */ = {isa = PBXBuildFile; fileRef = 2C970E9E12926ED72435B5B5 /* JSONLWriter.swift */; };
		3953079EE4AB0C745D0E0E05 /* Session.swift in Sources */ = {isa = PBXBuildFile; fileRef = C1AE2257E756984DB79D123E /* Session.swift */; };
		3A66C56CACCEEBC6E8D7FF77 /* WebRenderAssets.swift in Sources */ = {isa = PBXBuildFile; fileRef = 5D5E41FDC4626571155F7B70 /* WebRenderAssets.swift */; };
		3AEB29AECC35B7A53190882E /* MarkdownRenderView.swift in Sources */ = {isa = PBXBuildFile; fileRef = 2B5A8E290F81FC6492CD1870 /* MarkdownRenderView.swift */; };
		3FFD7AA398A31A9C48AF9DA5 /* Assets.xcassets in Resources */ = {isa = PBXBuildFile; fileRef = 0D483ED43F83810DA274F24B /* Assets.xcassets */; };
		49BA30408004D660DF15D9E6 /* Localizable.strings in Resources */ = {isa = PBXBuildFile; fileRef = 0A86E2955535140C8485D465 /* Localizable.strings */; };
		60102EF2DDA4B23D87416E92 /* SessionMessagesView.swift in Sources */ = {isa = PBXBuildFile; fileRef = 9BC025FDED5C0A4E25C3FE62 /* SessionMessagesView.swift */; };
		6901EC9F618AEED5AC36513B /* ContentView.swift in Sources */ = {isa = PBXBuildFile; fileRef = AB080DDB2D78F7CCFEE24C14 /* ContentView.swift */; };
		736C5B9FC58A0DA469588F67 /* LayoutManager.swift in Sources */ = {isa = PBXBuildFile; fileRef = E1DF13E9F964008EB5CD2299 /* LayoutManager.swift */; };
		76AFC82EA9C2A66443799F71 /* marked.min.js in Resources */ = {isa = PBXBuildFile; fileRef = AA7959750B5746AFD4F56C11 /* marked.min.js */; };
		79852A9522789BBC81CE2066 /* LayoutView.swift in Sources */ = {isa = PBXBuildFile; fileRef = F8E4127F94A73CDC23477FC9 /* LayoutView.swift */; };
		7B6A341445542A4C2E1B3433 /* ConfirmationDetector.swift in Sources */ = {isa = PBXBuildFile; fileRef = F8C0CE24B8E4C048AC610E9A /* ConfirmationDetector.swift */; };
		7BD2F9C9FF0502D3437D5CBF /* FileWatcherService.swift in Sources */ = {isa = PBXBuildFile; fileRef = B4248E169F6C731AD3805FF2 /* FileWatcherService.swift */; };
		9C43A72BBE1ECF95A14D2FA4 /* OpuswapApp.swift in Sources */ = {isa = PBXBuildFile; fileRef = A87402FDE3E7F421DEABB752 /* OpuswapApp.swift */; };
		A53AF644E053317D1CFFC75D /* ProjectListView.swift in Sources */ = {isa = PBXBuildFile; fileRef = 866028B51841D86C8D5A2A8D /* ProjectListView.swift */; };
		ABF9D91EA351642AF838B8AF /* highlight.min.js in Resources */ = {isa = PBXBuildFile; fileRef = BB65EDB38404C1F977CE9F4D /* highlight.min.js */; };
		B3C5171B50B6C0F77FB3C756 /* Project.swift in Sources */ = {isa = PBXBuildFile; fileRef = A2A04124BDC7477739AD997D /* Project.swift */; };
		C196BE5F5FF00B0C737ECE4A /* WorkspaceLayout.swift in Sources */ = {isa = PBXBuildFile; fileRef = EEF8BC129BBAC8BD3EABA88D /* WorkspaceLayout.swift */; };
		C19DD216B342D536BE7647A2 /* PaneView.swift in Sources */ = {isa = PBXBuildFile; fileRef = E62A8018EE9F7B5E548B74FB /* PaneView.swift */; };
		D2619FEBAB7F26CE450A66B0 /* Message.swift in Sources */ = {isa = PBXBuildFile; fileRef = BE3A9B5CD3EF499C937CBE8B /* Message.swift */; };
		D41DFD65649B9C094D8DD2D6 /* TimelineHostView.swift in Sources */ = {isa = PBXBuildFile; fileRef = 7A0CCE923A6189AD10B78EDF /* TimelineHostView.swift */; };
		D505C53AA40E87742D12A2DD /* highlight-dark.css in Resources */ = {isa = PBXBuildFile; fileRef = 764945481A416AB189BC6A8E /* highlight-dark.css */; };
		D71046965ED0E514E8EBC7DA /* JSONLParser.swift in Sources */ = {isa = PBXBuildFile; fileRef = 16247EBBB66B9C9F51A63C5D /* JSONLParser.swift */; };
		DEA0D2F42D9D52460B79732F /* TimelineModels.swift in Sources */ = {isa = PBXBuildFile; fileRef = 58FCC7B8F3566A86E9256209 /* TimelineModels.swift */; };
		E022366AEA9184BEE6153E47 /* AppCoordinator.swift in Sources */ = {isa = PBXBuildFile; fileRef = 20B0FC2762D81D97CD7CC570 /* AppCoordinator.swift */; };
		E4909C11CB0A172CBB269DC4 /* highlight-light.css in Resources */ = {isa = PBXBuildFile; fileRef = DFE06F64893D1D8237B56243 /* highlight-light.css */; };
		F253B1242AA447FF2E4B0714 /* TokenEstimator.swift in Sources */ = {isa = PBXBuildFile; fileRef = 31A3667D7404351FD1BFD341 /* TokenEstimator.swift */; };
		F62B69E7D5AF84DA0D0A2796 /* IgnoredSessionManager.swift in Sources */ = {isa = PBXBuildFile; fileRef = C2B3499B0036259289402565 /* IgnoredSessionManager.swift */; };
/* End PBXBuildFile section */

/* Begin PBXFileReference section */
		0D26AB83EED3017265D35DD7 /* zh-Hans */ = {isa = PBXFileReference; lastKnownFileType = text.plist.strings; name = "zh-Hans"; path = "zh-Hans.lproj/Localizable.strings"; sourceTree = "<group>"; };
		0D483ED43F83810DA274F24B /* Assets.xcassets */ = {isa = PBXFileReference; lastKnownFileType = folder.assetcatalog; path = Assets.xcassets; sourceTree = "<group>"; };
		16247EBBB66B9C9F51A63C5D /* JSONLParser.swift */ = {isa = PBXFileReference; lastKnownFileType = sourcecode.swift; path = JSONLParser.swift; sourceTree = "<group>"; };
		1C19652555C7A91B447373FD /* Opuswap.app */ = {isa = PBXFileReference; explicitFileType = wrapper.application; includeInIndex = 0; path = Opuswap.app; sourceTree = BUILT_PRODUCTS_DIR; };
		20B0FC2762D81D97CD7CC570 /* AppCoordinator.swift */ = {isa = PBXFileReference; lastKnownFileType = sourcecode.swift; path = AppCoordinator.swift; sourceTree = "<group>"; };
		2B5A8E290F81FC6492CD1870 /* MarkdownRenderView.swift */ = {isa = PBXFileReference; lastKnownFileType = sourcecode.swift; path = MarkdownRenderView.swift; sourceTree = "<group>"; };
		2C970E9E12926ED72435B5B5 /* JSONLWriter.swift */ = {isa = PBXFileReference; lastKnownFileType = sourcecode.swift; path = JSONLWriter.swift; sourceTree = "<group>"; };
		31A3667D7404351FD1BFD341 /* TokenEstimator.swift */ = {isa = PBXFileReference; lastKnownFileType = sourcecode.swift; path = TokenEstimator.swift; sourceTree = "<group>"; };
		58FCC7B8F3566A86E9256209 /* TimelineModels.swift */ = {isa = PBXFileReference; lastKnownFileType = sourcecode.swift; path = TimelineModels.swift; sourceTree = "<group>"; };
		5D5E41FDC4626571155F7B70 /* WebRenderAssets.swift */ = {isa = PBXFileReference; lastKnownFileType = sourcecode.swift; path = WebRenderAssets.swift; sourceTree = "<group>"; };
		75BFBBFEF7972B5A2E0D0BD8 /* en */ = {isa = PBXFileReference; lastKnownFileType = text.plist.strings; name = en; path = en.lproj/Localizable.strings; sourceTree = "<group>"; };
		764945481A416AB189BC6A8E /* highlight-dark.css */ = {isa = PBXFileReference; lastKnownFileType = text.css; path = "highlight-dark.css"; sourceTree = "<group>"; };
		7A0CCE923A6189AD10B78EDF /* TimelineHostView.swift */ = {isa = PBXFileReference; lastKnownFileType = sourcecode.swift; path = TimelineHostView.swift; sourceTree = "<group>"; };
		866028B51841D86C8D5A2A8D /* ProjectListView.swift */ = {isa = PBXFileReference; lastKnownFileType = sourcecode.swift; path = ProjectListView.swift; sourceTree = "<group>"; };
		8A7C310811D8C94BBFE3872B /* ja */ = {isa = PBXFileReference; lastKnownFileType = text.plist.strings; name = ja; path = ja.lproj/Localizable.strings; sourceTree = "<group>"; };
		9BC025FDED5C0A4E25C3FE62 /* SessionMessagesView.swift */ = {isa = PBXFileReference; lastKnownFileType = sourcecode.swift; path = SessionMessagesView.swift; sourceTree = "<group>"; };
		A2A04124BDC7477739AD997D /* Project.swift */ = {isa = PBXFileReference; lastKnownFileType = sourcecode.swift; path = Project.swift; sourceTree = "<group>"; };
		A87402FDE3E7F421DEABB752 /* OpuswapApp.swift */ = {isa = PBXFileReference; lastKnownFileType = sourcecode.swift; path = OpuswapApp.swift; sourceTree = "<group>"; };
		AA7959750B5746AFD4F56C11 /* marked.min.js */ = {isa = PBXFileReference; lastKnownFileType = sourcecode.javascript; path = marked.min.js; sourceTree = "<group>"; };
		AB080DDB2D78F7CCFEE24C14 /* ContentView.swift */ = {isa = PBXFileReference; lastKnownFileType = sourcecode.swift; path = ContentView.swift; sourceTree = "<group>"; };
		B4248E169F6C731AD3805FF2 /* FileWatcherService.swift */ = {isa = PBXFileReference; lastKnownFileType = sourcecode.swift; path = FileWatcherService.swift; sourceTree = "<group>"; };
		BB5635E4B63909A0AC025040 /* Opuswap.entitlements */ = {isa = PBXFileReference; lastKnownFileType = text.plist.entitlements; path = Opuswap.entitlements; sourceTree = "<group>"; };
		BB65EDB38404C1F977CE9F4D /* highlight.min.js */ = {isa = PBXFileReference; lastKnownFileType = sourcecode.javascript; path = highlight.min.js; sourceTree = "<group>"; };
		BE3A9B5CD3EF499C937CBE8B /* Message.swift */ = {isa = PBXFileReference; lastKnownFileType = sourcecode.swift; path = Message.swift; sourceTree = "<group>"; };
		C1AE2257E756984DB79D123E /* Session.swift */ = {isa = PBXFileReference; lastKnownFileType = sourcecode.swift; path = Session.swift; sourceTree = "<group>"; };
		C2B3499B0036259289402565 /* IgnoredSessionManager.swift */ = {isa = PBXFileReference; lastKnownFileType = sourcecode.swift; path = IgnoredSessionManager.swift; sourceTree = "<group>"; };
		CF3F83804AE0CFA48AA1C7C7 /* SyncService.swift */ = {isa = PBXFileReference; lastKnownFileType = sourcecode.swift; path = SyncService.swift; sourceTree = "<group>"; };
		DFE06F64893D1D8237B56243 /* highlight-light.css */ = {isa = PBXFileReference; lastKnownFileType = text.css; path = "highlight-light.css"; sourceTree = "<group>"; };
		E1DF13E9F964008EB5CD2299 /* LayoutManager.swift */ = {isa = PBXFileReference; lastKnownFileType = sourcecode.swift; path = LayoutManager.swift; sourceTree = "<group>"; };
		E62A8018EE9F7B5E548B74FB /* PaneView.swift */ = {isa = PBXFileReference; lastKnownFileType = sourcecode.swift; path = PaneView.swift; sourceTree = "<group>"; };
		EEF8BC129BBAC8BD3EABA88D /* WorkspaceLayout.swift */ = {isa = PBXFileReference; lastKnownFileType = sourcecode.swift; path = WorkspaceLayout.swift; sourceTree = "<group>"; };
		F8C0CE24B8E4C048AC610E9A /* ConfirmationDetector.swift */ = {isa = PBXFileReference; lastKnownFileType = sourcecode.swift; path = ConfirmationDetector.swift; sourceTree = "<group>"; };
		F8E4127F94A73CDC23477FC9 /* LayoutView.swift */ = {isa = PBXFileReference; lastKnownFileType = sourcecode.swift; path = LayoutView.swift; sourceTree = "<group>"; };
/* End PBXFileReference section */

/* Begin PBXGroup section */
		0EDED6575E72CD86006C2877 /* Sidebar */ = {
			isa = PBXGroup;
			children = (
				866028B51841D86C8D5A2A8D /* ProjectListView.swift */,
			);
			path = Sidebar;
			sourceTree = "<group>";
		};
		18B3C079A09A27863B48A097 /* Resources */ = {
			isa = PBXGroup;
			children = (
				0D483ED43F83810DA274F24B /* Assets.xcassets */,
				764945481A416AB189BC6A8E /* highlight-dark.css */,
				DFE06F64893D1D8237B56243 /* highlight-light.css */,
				BB65EDB38404C1F977CE9F4D /* highlight.min.js */,
				AA7959750B5746AFD4F56C11 /* marked.min.js */,
				0A86E2955535140C8485D465 /* Localizable.strings */,
			);
			path = Resources;
			sourceTree = "<group>";
		};
		1A586AF131733A4AAE7161B9 /* Opuswap */ = {
			isa = PBXGroup;
			children = (
				BB5635E4B63909A0AC025040 /* Opuswap.entitlements */,
				A87402FDE3E7F421DEABB752 /* OpuswapApp.swift */,
				C0C7BDD6EFCD04985D4F5720 /* Models */,
				18B3C079A09A27863B48A097 /* Resources */,
				702130F51159294B14F4DD4D /* Services */,
				F762C07FB3A720D644C8536D /* Views */,
			);
			path = Opuswap;
			sourceTree = "<group>";
		};
		308CCA39CCF5B19943FE8878 /* Timeline */ = {
			isa = PBXGroup;
			children = (
				2B5A8E290F81FC6492CD1870 /* MarkdownRenderView.swift */,
				9BC025FDED5C0A4E25C3FE62 /* SessionMessagesView.swift */,
				7A0CCE923A6189AD10B78EDF /* TimelineHostView.swift */,
				58FCC7B8F3566A86E9256209 /* TimelineModels.swift */,
				5D5E41FDC4626571155F7B70 /* WebRenderAssets.swift */,
			);
			path = Timeline;
			sourceTree = "<group>";
		};
		702130F51159294B14F4DD4D /* Services */ = {
			isa = PBXGroup;
			children = (
				20B0FC2762D81D97CD7CC570 /* AppCoordinator.swift */,
				F8C0CE24B8E4C048AC610E9A /* ConfirmationDetector.swift */,
				B4248E169F6C731AD3805FF2 /* FileWatcherService.swift */,
				C2B3499B0036259289402565 /* IgnoredSessionManager.swift */,
				16247EBBB66B9C9F51A63C5D /* JSONLParser.swift */,
				2C970E9E12926ED72435B5B5 /* JSONLWriter.swift */,
				E1DF13E9F964008EB5CD2299 /* LayoutManager.swift */,
				CF3F83804AE0CFA48AA1C7C7 /* SyncService.swift */,
				31A3667D7404351FD1BFD341 /* TokenEstimator.swift */,
			);
			path = Services;
			sourceTree = "<group>";
		};
		C0C7BDD6EFCD04985D4F5720 /* Models */ = {
			isa = PBXGroup;
			children = (
				BE3A9B5CD3EF499C937CBE8B /* Message.swift */,
				A2A04124BDC7477739AD997D /* Project.swift */,
				C1AE2257E756984DB79D123E /* Session.swift */,
				EEF8BC129BBAC8BD3EABA88D /* WorkspaceLayout.swift */,
			);
			path = Models;
			sourceTree = "<group>";
		};
		D69B0F185E32E77F3823D791 /* Products */ = {
			isa = PBXGroup;
			children = (
				1C19652555C7A91B447373FD /* Opuswap.app */,
			);
			name = Products;
			sourceTree = "<group>";
		};
		D8905968DA2FFC0DDCF3F257 = {
			isa = PBXGroup;
			children = (
				1A586AF131733A4AAE7161B9 /* Opuswap */,
				D69B0F185E32E77F3823D791 /* Products */,
			);
			sourceTree = "<group>";
		};
		D951CEEFB659FC65E0E30AF0 /* Layout */ = {
			isa = PBXGroup;
			children = (
				F8E4127F94A73CDC23477FC9 /* LayoutView.swift */,
				E62A8018EE9F7B5E548B74FB /* PaneView.swift */,
			);
			path = Layout;
			sourceTree = "<group>";
		};
		F762C07FB3A720D644C8536D /* Views */ = {
			isa = PBXGroup;
			children = (
				AB080DDB2D78F7CCFEE24C14 /* ContentView.swift */,
				D951CEEFB659FC65E0E30AF0 /* Layout */,
				0EDED6575E72CD86006C2877 /* Sidebar */,
				308CCA39CCF5B19943FE8878 /* Timeline */,
			);
			path = Views;
			sourceTree = "<group>";
		};
/* End PBXGroup section */

/* Begin PBXNativeTarget section */
		D1735C3CF96782BB3F7AA91C /* Opuswap */ = {
			isa = PBXNativeTarget;
			buildConfigurationList = 0993F6D0DDAACB1EE5D98B5D /* Build configuration list for PBXNativeTarget "Opuswap" */;
			buildPhases = (
				B605D405CA0B0E50E0E2DAFD /* Sources */,
				D5EAE8988EB522673FB5113E /* Resources */,
			);
			buildRules = (
			);
			dependencies = (
			);
			name = Opuswap;
			packageProductDependencies = (
			);
			productName = Opuswap;
			productReference = 1C19652555C7A91B447373FD /* Opuswap.app */;
			productType = "com.apple.product-type.application";
		};
/* End PBXNativeTarget section */

/* Begin PBXProject section */
		D0C82B6D7999F7335808D471 /* Project object */ = {
			isa = PBXProject;
			attributes = {
				BuildIndependentTargetsInParallel = YES;
				LastUpgradeCheck = 1500;
				TargetAttributes = {
					D1735C3CF96782BB3F7AA91C = {
						DevelopmentTeam = "";
						ProvisioningStyle = Automatic;
					};
				};
			};
			buildConfigurationList = E3AB3F3421C807598CF8F852 /* Build configuration list for PBXProject "Opuswap" */;
			developmentRegion = en;
			hasScannedForEncodings = 0;
			knownRegions = (
				Base,
				en,
				ja,
				"zh-Hans",
			);
			mainGroup = D8905968DA2FFC0DDCF3F257;
			minimizedProjectReferenceProxies = 1;
			preferredProjectObjectVersion = 77;
			productRefGroup = D69B0F185E32E77F3823D791 /* Products */;
			projectDirPath = "";
			projectRoot = "";
			targets = (
				D1735C3CF96782BB3F7AA91C /* Opuswap */,
			);
		};
/* End PBXProject section */

/* Begin PBXResourcesBuildPhase section */
		D5EAE8988EB522673FB5113E /* Resources */ = {
			isa = PBXResourcesBuildPhase;
			buildActionMask = 2147483647;
			files = (
				3FFD7AA398A31A9C48AF9DA5 /* Assets.xcassets in Resources */,
				49BA30408004D660DF15D9E6 /* Localizable.strings in Resources */,
				D505C53AA40E87742D12A2DD /* highlight-dark.css in Resources */,
				E4909C11CB0A172CBB269DC4 /* highlight-light.css in Resources */,
				ABF9D91EA351642AF838B8AF /* highlight.min.js in Resources */,
				76AFC82EA9C2A66443799F71 /* marked.min.js in Resources */,
			);
			runOnlyForDeploymentPostprocessing = 0;
		};
/* End PBXResourcesBuildPhase section */

/* Begin PBXSourcesBuildPhase section */
		B605D405CA0B0E50E0E2DAFD /* Sources */ = {
			isa = PBXSourcesBuildPhase;
			buildActionMask = 2147483647;
			files = (
				E022366AEA9184BEE6153E47 /* AppCoordinator.swift in Sources */,
				7B6A341445542A4C2E1B3433 /* ConfirmationDetector.swift in Sources */,
				6901EC9F618AEED5AC36513B /* ContentView.swift in Sources */,
				7BD2F9C9FF0502D3437D5CBF /* FileWatcherService.swift in Sources */,
				F62B69E7D5AF84DA0D0A2796 /* IgnoredSessionManager.swift in Sources */,
				D71046965ED0E514E8EBC7DA /* JSONLParser.swift in Sources */,
				311D04F806C83959F8145C95 /* JSONLWriter.swift in Sources */,
				736C5B9FC58A0DA469588F67 /* LayoutManager.swift in Sources */,
				79852A9522789BBC81CE2066 /* LayoutView.swift in Sources */,
				3AEB29AECC35B7A53190882E /* MarkdownRenderView.swift in Sources */,
				D2619FEBAB7F26CE450A66B0 /* Message.swift in Sources */,
				9C43A72BBE1ECF95A14D2FA4 /* OpuswapApp.swift in Sources */,
				C19DD216B342D536BE7647A2 /* PaneView.swift in Sources */,
				B3C5171B50B6C0F77FB3C756 /* Project.swift in Sources */,
				A53AF644E053317D1CFFC75D /* ProjectListView.swift in Sources */,
				3953079EE4AB0C745D0E0E05 /* Session.swift in Sources */,
				60102EF2DDA4B23D87416E92 /* SessionMessagesView.swift in Sources */,
				04395F8CFA0884D2B8F436E6 /* SyncService.swift in Sources */,
				D41DFD65649B9C094D8DD2D6 /* TimelineHostView.swift in Sources */,
				DEA0D2F42D9D52460B79732F /* TimelineModels.swift in Sources */,
				F253B1242AA447FF2E4B0714 /* TokenEstimator.swift in Sources */,
				3A66C56CACCEEBC6E8D7FF77 /* WebRenderAssets.swift in Sources */,
				C196BE5F5FF00B0C737ECE4A /* WorkspaceLayout.swift in Sources */,
			);
			runOnlyForDeploymentPostprocessing = 0;
		};
/* End PBXSourcesBuildPhase section */

/* Begin PBXVariantGroup section */
		0A86E2955535140C8485D465 /* Localizable.strings */ = {
			isa = PBXVariantGroup;
			children = (
				75BFBBFEF7972B5A2E0D0BD8 /* en */,
				8A7C310811D8C94BBFE3872B /* ja */,
				0D26AB83EED3017265D35DD7 /* zh-Hans */,
			);
			name = Localizable.strings;
			sourceTree = "<group>";
		};
/* End PBXVariantGroup section */

/* Begin XCBuildConfiguration section */
		06BC5A28AC2DA5DFFF0FCC5D /* Debug */ = {
			isa = XCBuildConfiguration;
			buildSettings = {
				ASSETCATALOG_COMPILER_APPICON_NAME = AppIcon;
				CODE_SIGN_ENTITLEMENTS = Opuswap/Opuswap.entitlements;
				CODE_SIGN_STYLE = Automatic;
				COMBINE_HIDPI_IMAGES = YES;
				CURRENT_PROJECT_VERSION = 1;
				DEVELOPMENT_TEAM = "";
				ENABLE_HARDENED_RUNTIME = YES;
				GENERATE_INFOPLIST_FILE = YES;
				INFOPLIST_GENERATION_MODE = GeneratedFile;
				LD_RUNPATH_SEARCH_PATHS = (
					"$(inherited)",
					"@executable_path/../Frameworks",
				);
				MACOSX_DEPLOYMENT_TARGET = 14.0;
				MARKETING_VERSION = 0.1.0;
				PRODUCT_BUNDLE_IDENTIFIER = com.opuswap.app;
				PRODUCT_NAME = Opuswap;
				SDKROOT = macosx;
				SWIFT_EMIT_LOC_STRINGS = YES;
			};
			name = Debug;
		};
		6B9816A9A6CCF5A12158D89C /* Debug */ = {
			isa = XCBuildConfiguration;
			buildSettings = {
				ALWAYS_SEARCH_USER_PATHS = NO;
				CLANG_ANALYZER_NONNULL = YES;
				CLANG_ANALYZER_NUMBER_OBJECT_CONVERSION = YES_AGGRESSIVE;
				CLANG_CXX_LANGUAGE_STANDARD = "gnu++14";
				CLANG_CXX_LIBRARY = "libc++";
				CLANG_ENABLE_MODULES = YES;
				CLANG_ENABLE_OBJC_ARC = YES;
				CLANG_ENABLE_OBJC_WEAK = YES;
				CLANG_WARN_BLOCK_CAPTURE_AUTORELEASING = YES;
				CLANG_WARN_BOOL_CONVERSION = YES;
				CLANG_WARN_COMMA = YES;
				CLANG_WARN_CONSTANT_CONVERSION = YES;
				CLANG_WARN_DEPRECATED_OBJC_IMPLEMENTATIONS = YES;
				CLANG_WARN_DIRECT_OBJC_ISA_USAGE = YES_ERROR;
				CLANG_WARN_DOCUMENTATION_COMMENTS = YES;
				CLANG_WARN_EMPTY_BODY = YES;
				CLANG_WARN_ENUM_CONVERSION = YES;
				CLANG_WARN_INFINITE_RECURSION = YES;
				CLANG_WARN_INT_CONVERSION = YES;
				CLANG_WARN_NON_LITERAL_NULL_CONVERSION = YES;
				CLANG_WARN_OBJC_IMPLICIT_RETAIN_SELF = YES;
				CLANG_WARN_OBJC_LITERAL_CONVERSION = YES;
				CLANG_WARN_OBJC_ROOT_CLASS = YES_ERROR;
				CLANG_WARN_QUOTED_INCLUDE_IN_FRAMEWORK_HEADER = YES;
				CLANG_WARN_RANGE_LOOP_ANALYSIS = YES;
				CLANG_WARN_STRICT_PROTOTYPES = YES;
				CLANG_WARN_SUSPICIOUS_MOVE = YES;
				CLANG_WARN_UNGUARDED_AVAILABILITY = YES_AGGRESSIVE;
				CLANG_WARN_UNREACHABLE_CODE = YES;
				CLANG_WARN__DUPLICATE_METHOD_MATCH = YES;
				COPY_PHASE_STRIP = NO;
				DEBUG_INFORMATION_FORMAT = dwarf;
				ENABLE_STRICT_OBJC_MSGSEND = YES;
				ENABLE_TESTABILITY = YES;
				ENABLE_USER_SCRIPT_SANDBOXING = NO;
				GCC_C_LANGUAGE_STANDARD = gnu11;
				GCC_DYNAMIC_NO_PIC = NO;
				GCC_NO_COMMON_BLOCKS = YES;
				GCC_OPTIMIZATION_LEVEL = 0;
				GCC_PREPROCESSOR_DEFINITIONS = (
					"$(inherited)",
					"DEBUG=1",
				);
				GCC_WARN_64_TO_32_BIT_CONVERSION = YES;
				GCC_WARN_ABOUT_RETURN_TYPE = YES_ERROR;
				GCC_WARN_UNDECLARED_SELECTOR = YES;
				GCC_WARN_UNINITIALIZED_AUTOS = YES_AGGRESSIVE;
				GCC_WARN_UNUSED_FUNCTION = YES;
				GCC_WARN_UNUSED_VARIABLE = YES;
				MACOSX_DEPLOYMENT_TARGET = 14.0;
				MTL_ENABLE_DEBUG_INFO = INCLUDE_SOURCE;
				MTL_FAST_MATH = YES;
				ONLY_ACTIVE_ARCH = YES;
				PRODUCT_NAME = "$(TARGET_NAME)";
				SDKROOT = macosx;
				SWIFT_ACTIVE_COMPILATION_CONDITIONS = DEBUG;
				SWIFT_OPTIMIZATION_LEVEL = "-Onone";
				SWIFT_VERSION = 5.9;
			};
			name = Debug;
		};
		DB6C1C0D49926F07239FB943 /* Release */ = {
			isa = XCBuildConfiguration;
			buildSettings = {
				ASSETCATALOG_COMPILER_APPICON_NAME = AppIcon;
				CODE_SIGN_ENTITLEMENTS = Opuswap/Opuswap.entitlements;
				CODE_SIGN_STYLE = Automatic;
				COMBINE_HIDPI_IMAGES = YES;
				CURRENT_PROJECT_VERSION = 1;
				DEVELOPMENT_TEAM = "";
				ENABLE_HARDENED_RUNTIME = YES;
				GENERATE_INFOPLIST_FILE = YES;
				INFOPLIST_GENERATION_MODE = GeneratedFile;
				LD_RUNPATH_SEARCH_PATHS = (
					"$(inherited)",
					"@executable_path/../Frameworks",
				);
				MACOSX_DEPLOYMENT_TARGET = 14.0;
				MARKETING_VERSION = 0.1.0;
				PRODUCT_BUNDLE_IDENTIFIER = com.opuswap.app;
				PRODUCT_NAME = Opuswap;
				SDKROOT = macosx;
				SWIFT_EMIT_LOC_STRINGS = YES;
			};
			name = Release;
		};
		FBD5318C2C886923B45BE346 /* Release */ = {
			isa = XCBuildConfiguration;
			buildSettings = {
				ALWAYS_SEARCH_USER_PATHS = NO;
				CLANG_ANALYZER_NONNULL = YES;
				CLANG_ANALYZER_NUMBER_OBJECT_CONVERSION = YES_AGGRESSIVE;
				CLANG_CXX_LANGUAGE_STANDARD = "gnu++14";
				CLANG_CXX_LIBRARY = "libc++";
				CLANG_ENABLE_MODULES = YES;
				CLANG_ENABLE_OBJC_ARC = YES;
				CLANG_ENABLE_OBJC_WEAK = YES;
				CLANG_WARN_BLOCK_CAPTURE_AUTORELEASING = YES;
				CLANG_WARN_BOOL_CONVERSION = YES;
				CLANG_WARN_COMMA = YES;
				CLANG_WARN_CONSTANT_CONVERSION = YES;
				CLANG_WARN_DEPRECATED_OBJC_IMPLEMENTATIONS = YES;
				CLANG_WARN_DIRECT_OBJC_ISA_USAGE = YES_ERROR;
				CLANG_WARN_DOCUMENTATION_COMMENTS = YES;
				CLANG_WARN_EMPTY_BODY = YES;
				CLANG_WARN_ENUM_CONVERSION = YES;
				CLANG_WARN_INFINITE_RECURSION = YES;
				CLANG_WARN_INT_CONVERSION = YES;
				CLANG_WARN_NON_LITERAL_NULL_CONVERSION = YES;
				CLANG_WARN_OBJC_IMPLICIT_RETAIN_SELF = YES;
				CLANG_WARN_OBJC_LITERAL_CONVERSION = YES;
				CLANG_WARN_OBJC_ROOT_CLASS = YES_ERROR;
				CLANG_WARN_QUOTED_INCLUDE_IN_FRAMEWORK_HEADER = YES;
				CLANG_WARN_RANGE_LOOP_ANALYSIS = YES;
				CLANG_WARN_STRICT_PROTOTYPES = YES;
				CLANG_WARN_SUSPICIOUS_MOVE = YES;
				CLANG_WARN_UNGUARDED_AVAILABILITY = YES_AGGRESSIVE;
				CLANG_WARN_UNREACHABLE_CODE = YES;
				CLANG_WARN__DUPLICATE_METHOD_MATCH = YES;
				COPY_PHASE_STRIP = NO;
				DEBUG_INFORMATION_FORMAT = "dwarf-with-dsym";
				ENABLE_NS_ASSERTIONS = NO;
				ENABLE_STRICT_OBJC_MSGSEND = YES;
				ENABLE_USER_SCRIPT_SANDBOXING = NO;
				GCC_C_LANGUAGE_STANDARD = gnu11;
				GCC_NO_COMMON_BLOCKS = YES;
				GCC_WARN_64_TO_32_BIT_CONVERSION = YES;
				GCC_WARN_ABOUT_RETURN_TYPE = YES_ERROR;
				GCC_WARN_UNDECLARED_SELECTOR = YES;
				GCC_WARN_UNINITIALIZED_AUTOS = YES_AGGRESSIVE;
				GCC_WARN_UNUSED_FUNCTION = YES;
				GCC_WARN_UNUSED_VARIABLE = YES;
				MACOSX_DEPLOYMENT_TARGET = 14.0;
				MTL_ENABLE_DEBUG_INFO = NO;
				MTL_FAST_MATH = YES;
				PRODUCT_NAME = "$(TARGET_NAME)";
				SDKROOT = macosx;
				SWIFT_COMPILATION_MODE = wholemodule;
				SWIFT_OPTIMIZATION_LEVEL = "-O";
				SWIFT_VERSION = 5.9;
			};
			name = Release;
		};
/* End XCBuildConfiguration section */

/* Begin XCConfigurationList section */
		0993F6D0DDAACB1EE5D98B5D /* Build configuration list for PBXNativeTarget "Opuswap" */ = {
			isa = XCConfigurationList;
			buildConfigurations = (
				06BC5A28AC2DA5DFFF0FCC5D /* Debug */,
				DB6C1C0D49926F07239FB943 /* Release */,
			);
			defaultConfigurationIsVisible = 0;
			defaultConfigurationName = Debug;
		};
		E3AB3F3421C807598CF8F852 /* Build configuration list for PBXProject "Opuswap" */ = {
			isa = XCConfigurationList;
			buildConfigurations = (
				6B9816A9A6CCF5A12158D89C /* Debug */,
				FBD5318C2C886923B45BE346 /* Release */,
			);
			defaultConfigurationIsVisible = 0;
			defaultConfigurationName = Debug;
		};
/* End XCConfigurationList section */
	};
	rootObject = D0C82B6D7999F7335808D471 /* Project object */;
}
